{
  "version": 4,
  "terraform_version": "0.12.28",
  "serial": 63,
  "lineage": "3e5845b3-f2fd-a541-306e-033a40cd1a7f",
  "outputs": {},
  "resources": [
    {
      "module": "module.mysql_infra",
      "mode": "data",
      "type": "aws_ami",
      "name": "mysql",
      "provider": "provider.aws",
      "instances": [
        {
          "schema_version": 0,
          "attributes": {
            "architecture": "x86_64",
            "arn": "arn:aws:ec2:ap-south-1::image/ami-0167968dd408d23e8",
            "block_device_mappings": [
              {
                "device_name": "/dev/xvda",
                "ebs": {
                  "delete_on_termination": "true",
                  "encrypted": "false",
                  "iops": "0",
                  "snapshot_id": "snap-0c8a8385db72af6d1",
                  "volume_size": "8",
                  "volume_type": "gp2"
                },
                "no_device": "",
                "virtual_name": ""
              }
            ],
            "creation_date": "2020-07-21T12:55:36.000Z",
            "description": null,
            "executable_users": null,
            "filter": [
              {
                "name": "state",
                "values": [
                  "available"
                ]
              },
              {
                "name": "tag:Description",
                "values": [
                  "Created by Packer"
                ]
              },
              {
                "name": "tag:Name",
                "values": [
                  "MySQL-AMI"
                ]
              }
            ],
            "hypervisor": "xen",
            "id": "ami-0167968dd408d23e8",
            "image_id": "ami-0167968dd408d23e8",
            "image_location": "227606451249/MySQL-AMI-1595335885",
            "image_owner_alias": null,
            "image_type": "machine",
            "kernel_id": null,
            "most_recent": true,
            "name": "MySQL-AMI-1595335885",
            "name_regex": null,
            "owner_id": "227606451249",
            "owners": [
              "self"
            ],
            "platform": null,
            "product_codes": [],
            "public": false,
            "ramdisk_id": null,
            "root_device_name": "/dev/xvda",
            "root_device_type": "ebs",
            "root_snapshot_id": "snap-0c8a8385db72af6d1",
            "sriov_net_support": "simple",
            "state": "available",
            "state_reason": {
              "code": "UNSET",
              "message": "UNSET"
            },
            "tags": {
              "Description": "Created by Packer",
              "Name": "MySQL-AMI"
            },
            "virtualization_type": "hvm"
          }
        }
      ]
    },
    {
      "module": "module.mysql_infra",
      "mode": "data",
      "type": "aws_ami",
      "name": "prometheus",
      "provider": "provider.aws",
      "instances": [
        {
          "schema_version": 0,
          "attributes": {
            "architecture": "x86_64",
            "arn": "arn:aws:ec2:ap-south-1::image/ami-0167968dd408d23e8",
            "block_device_mappings": [
              {
                "device_name": "/dev/xvda",
                "ebs": {
                  "delete_on_termination": "true",
                  "encrypted": "false",
                  "iops": "0",
                  "snapshot_id": "snap-0c8a8385db72af6d1",
                  "volume_size": "8",
                  "volume_type": "gp2"
                },
                "no_device": "",
                "virtual_name": ""
              }
            ],
            "creation_date": "2020-07-21T12:55:36.000Z",
            "description": null,
            "executable_users": null,
            "filter": [
              {
                "name": "state",
                "values": [
                  "available"
                ]
              },
              {
                "name": "tag:Description",
                "values": [
                  "Created by Packer"
                ]
              },
              {
                "name": "tag:Name",
                "values": [
                  "MySQL-AMI"
                ]
              }
            ],
            "hypervisor": "xen",
            "id": "ami-0167968dd408d23e8",
            "image_id": "ami-0167968dd408d23e8",
            "image_location": "227606451249/MySQL-AMI-1595335885",
            "image_owner_alias": null,
            "image_type": "machine",
            "kernel_id": null,
            "most_recent": true,
            "name": "MySQL-AMI-1595335885",
            "name_regex": null,
            "owner_id": "227606451249",
            "owners": [
              "self"
            ],
            "platform": null,
            "product_codes": [],
            "public": false,
            "ramdisk_id": null,
            "root_device_name": "/dev/xvda",
            "root_device_type": "ebs",
            "root_snapshot_id": "snap-0c8a8385db72af6d1",
            "sriov_net_support": "simple",
            "state": "available",
            "state_reason": {
              "code": "UNSET",
              "message": "UNSET"
            },
            "tags": {
              "Description": "Created by Packer",
              "Name": "MySQL-AMI"
            },
            "virtualization_type": "hvm"
          }
        }
      ]
    },
    {
      "module": "module.mysql_infra",
      "mode": "managed",
      "type": "aws_autoscaling_group",
      "name": "grafana_asg",
      "provider": "provider.aws",
      "instances": [
        {
          "schema_version": 0,
          "attributes": {
            "arn": "arn:aws:autoscaling:ap-south-1:227606451249:autoScalingGroup:6b4512fa-d61c-409b-82fa-1c7c2e4adf68:autoScalingGroupName/local-test-grafana-asg",
            "availability_zones": [
              "ap-south-1a",
              "ap-south-1b"
            ],
            "default_cooldown": 300,
            "desired_capacity": 0,
            "enabled_metrics": [],
            "force_delete": true,
            "health_check_grace_period": 300,
            "health_check_type": "ELB",
            "id": "local-test-grafana-asg",
            "initial_lifecycle_hook": [],
            "launch_configuration": "local-grafana-lc-20200721153430987600000001",
            "launch_template": [],
            "load_balancers": [],
            "max_instance_lifetime": 0,
            "max_size": 1,
            "metrics_granularity": "1Minute",
            "min_elb_capacity": null,
            "min_size": 0,
            "mixed_instances_policy": [],
            "name": "local-test-grafana-asg",
            "name_prefix": null,
            "placement_group": "",
            "protect_from_scale_in": false,
            "service_linked_role_arn": "arn:aws:iam::227606451249:role/aws-service-role/autoscaling.amazonaws.com/AWSServiceRoleForAutoScaling",
            "suspended_processes": [],
            "tag": [
              {
                "key": "Name",
                "propagate_at_launch": true,
                "value": "local-test-grafana-asg"
              }
            ],
            "tags": null,
            "target_group_arns": [
              "arn:aws:elasticloadbalancing:ap-south-1:227606451249:targetgroup/local-test-grafana-tg/5dbea79a37fbb738",
              "arn:aws:elasticloadbalancing:ap-south-1:227606451249:targetgroup/local-test-prometheus-tg/e6c4bf7c6b457d5f"
            ],
            "termination_policies": [],
            "timeouts": null,
            "vpc_zone_identifier": [
              "subnet-08265c1306cadf5f2",
              "subnet-0f929b8fbd4a86d64"
            ],
            "wait_for_capacity_timeout": "10m",
            "wait_for_elb_capacity": null
          },
          "private": "eyJlMmJmYjczMC1lY2FhLTExZTYtOGY4OC0zNDM2M2JjN2M0YzAiOnsiZGVsZXRlIjo2MDAwMDAwMDAwMDB9fQ==",
          "dependencies": [
            "module.mysql_infra.aws_launch_configuration.grafana_lc",
            "module.mysql_infra.aws_lb_target_group.grafana_tg",
            "module.mysql_infra.aws_lb_target_group.prometheus_tg"
          ]
        }
      ]
    },
    {
      "module": "module.mysql_infra",
      "mode": "managed",
      "type": "aws_autoscaling_group",
      "name": "mysql_asg",
      "provider": "provider.aws",
      "instances": [
        {
          "schema_version": 0,
          "attributes": {
            "arn": "arn:aws:autoscaling:ap-south-1:227606451249:autoScalingGroup:6b655375-9928-4ab8-a2bc-66644a95f903:autoScalingGroupName/local-test-mysql-asg",
            "availability_zones": [
              "ap-south-1a",
              "ap-south-1b"
            ],
            "default_cooldown": 300,
            "desired_capacity": 0,
            "enabled_metrics": [],
            "force_delete": true,
            "health_check_grace_period": 300,
            "health_check_type": "ELB",
            "id": "local-test-mysql-asg",
            "initial_lifecycle_hook": [],
            "launch_configuration": "local-mysql-lc-20200721153430998800000002",
            "launch_template": [],
            "load_balancers": [],
            "max_instance_lifetime": 0,
            "max_size": 1,
            "metrics_granularity": "1Minute",
            "min_elb_capacity": null,
            "min_size": 0,
            "mixed_instances_policy": [],
            "name": "local-test-mysql-asg",
            "name_prefix": null,
            "placement_group": "",
            "protect_from_scale_in": false,
            "service_linked_role_arn": "arn:aws:iam::227606451249:role/aws-service-role/autoscaling.amazonaws.com/AWSServiceRoleForAutoScaling",
            "suspended_processes": [],
            "tag": [
              {
                "key": "Name",
                "propagate_at_launch": true,
                "value": "local-test-mysql-asg"
              }
            ],
            "tags": null,
            "target_group_arns": [
              "arn:aws:elasticloadbalancing:ap-south-1:227606451249:targetgroup/local-test-mysql-tg/37525ab3987ce3d7"
            ],
            "termination_policies": [],
            "timeouts": null,
            "vpc_zone_identifier": [
              "subnet-08265c1306cadf5f2",
              "subnet-0f929b8fbd4a86d64"
            ],
            "wait_for_capacity_timeout": "10m",
            "wait_for_elb_capacity": null
          },
          "private": "eyJlMmJmYjczMC1lY2FhLTExZTYtOGY4OC0zNDM2M2JjN2M0YzAiOnsiZGVsZXRlIjo2MDAwMDAwMDAwMDB9fQ==",
          "dependencies": [
            "module.mysql_infra.aws_launch_configuration.mysql_lc",
            "module.mysql_infra.aws_lb_target_group.mysql_tg"
          ]
        }
      ]
    },
    {
      "module": "module.mysql_infra",
      "mode": "managed",
      "type": "aws_launch_configuration",
      "name": "grafana_lc",
      "provider": "provider.aws",
      "instances": [
        {
          "schema_version": 0,
          "attributes": {
            "arn": "arn:aws:autoscaling:ap-south-1:227606451249:launchConfiguration:d7083bda-e849-4007-b796-0238ec013a96:launchConfigurationName/local-grafana-lc-20200721153430987600000001",
            "associate_public_ip_address": false,
            "ebs_block_device": [],
            "ebs_optimized": false,
            "enable_monitoring": true,
            "ephemeral_block_device": [],
            "iam_instance_profile": "",
            "id": "local-grafana-lc-20200721153430987600000001",
            "image_id": "ami-0167968dd408d23e8",
            "instance_type": "t2.micro",
            "key_name": "",
            "name": "local-grafana-lc-20200721153430987600000001",
            "name_prefix": "local-grafana-lc-",
            "placement_tenancy": null,
            "root_block_device": [],
            "security_groups": [
              "sg-0108d4a60ee538a0b"
            ],
            "spot_price": "",
            "user_data": null,
            "user_data_base64": null,
            "vpc_classic_link_id": "",
            "vpc_classic_link_security_groups": []
          },
          "private": "bnVsbA==",
          "dependencies": [
            "module.mysql_infra.aws_security_group.module_sg"
          ]
        }
      ]
    },
    {
      "module": "module.mysql_infra",
      "mode": "managed",
      "type": "aws_launch_configuration",
      "name": "mysql_lc",
      "provider": "provider.aws",
      "instances": [
        {
          "schema_version": 0,
          "attributes": {
            "arn": "arn:aws:autoscaling:ap-south-1:227606451249:launchConfiguration:acbc0a9b-69f7-40c0-b8fc-2e7b87f7e2ec:launchConfigurationName/local-mysql-lc-20200721153430998800000002",
            "associate_public_ip_address": false,
            "ebs_block_device": [],
            "ebs_optimized": false,
            "enable_monitoring": true,
            "ephemeral_block_device": [],
            "iam_instance_profile": "",
            "id": "local-mysql-lc-20200721153430998800000002",
            "image_id": "ami-0167968dd408d23e8",
            "instance_type": "t2.micro",
            "key_name": "",
            "name": "local-mysql-lc-20200721153430998800000002",
            "name_prefix": "local-mysql-lc-",
            "placement_tenancy": null,
            "root_block_device": [],
            "security_groups": [
              "sg-0108d4a60ee538a0b"
            ],
            "spot_price": "",
            "user_data": null,
            "user_data_base64": null,
            "vpc_classic_link_id": "",
            "vpc_classic_link_security_groups": []
          },
          "private": "bnVsbA==",
          "dependencies": [
            "module.mysql_infra.aws_security_group.module_sg"
          ]
        }
      ]
    },
    {
      "module": "module.mysql_infra",
      "mode": "managed",
      "type": "aws_lb",
      "name": "grafana_alb",
      "provider": "provider.aws",
      "instances": [
        {
          "schema_version": 0,
          "attributes": {
            "access_logs": [
              {
                "bucket": "",
                "enabled": false,
                "prefix": ""
              }
            ],
            "arn": "arn:aws:elasticloadbalancing:ap-south-1:227606451249:loadbalancer/app/local-test-grafana-alb/79df55cfcd74d68b",
            "arn_suffix": "app/local-test-grafana-alb/79df55cfcd74d68b",
            "dns_name": "local-test-grafana-alb-95899718.ap-south-1.elb.amazonaws.com",
            "drop_invalid_header_fields": false,
            "enable_cross_zone_load_balancing": null,
            "enable_deletion_protection": false,
            "enable_http2": true,
            "id": "arn:aws:elasticloadbalancing:ap-south-1:227606451249:loadbalancer/app/local-test-grafana-alb/79df55cfcd74d68b",
            "idle_timeout": 60,
            "internal": false,
            "ip_address_type": "ipv4",
            "load_balancer_type": "application",
            "name": "local-test-grafana-alb",
            "name_prefix": null,
            "security_groups": [
              "sg-0108d4a60ee538a0b"
            ],
            "subnet_mapping": [
              {
                "allocation_id": "",
                "subnet_id": "subnet-08265c1306cadf5f2"
              },
              {
                "allocation_id": "",
                "subnet_id": "subnet-0f929b8fbd4a86d64"
              }
            ],
            "subnets": [
              "subnet-08265c1306cadf5f2",
              "subnet-0f929b8fbd4a86d64"
            ],
            "tags": {
              "Name": "local-test-prometheus-nlb"
            },
            "timeouts": null,
            "vpc_id": "vpc-0a3f9185b2c4191ac",
            "zone_id": "ZP97RAFLXTNZK"
          },
          "private": "eyJlMmJmYjczMC1lY2FhLTExZTYtOGY4OC0zNDM2M2JjN2M0YzAiOnsiY3JlYXRlIjo2MDAwMDAwMDAwMDAsImRlbGV0ZSI6NjAwMDAwMDAwMDAwLCJ1cGRhdGUiOjYwMDAwMDAwMDAwMH19",
          "dependencies": [
            "module.mysql_infra.aws_security_group.module_sg"
          ]
        }
      ]
    },
    {
      "module": "module.mysql_infra",
      "mode": "managed",
      "type": "aws_lb",
      "name": "mysql_nlb",
      "provider": "provider.aws",
      "instances": [
        {
          "schema_version": 0,
          "attributes": {
            "access_logs": [
              {
                "bucket": "",
                "enabled": false,
                "prefix": ""
              }
            ],
            "arn": "arn:aws:elasticloadbalancing:ap-south-1:227606451249:loadbalancer/net/local-test-mysql-nlb/3e05a63155311d3a",
            "arn_suffix": "net/local-test-mysql-nlb/3e05a63155311d3a",
            "dns_name": "local-test-mysql-nlb-3e05a63155311d3a.elb.ap-south-1.amazonaws.com",
            "drop_invalid_header_fields": null,
            "enable_cross_zone_load_balancing": false,
            "enable_deletion_protection": false,
            "enable_http2": null,
            "id": "arn:aws:elasticloadbalancing:ap-south-1:227606451249:loadbalancer/net/local-test-mysql-nlb/3e05a63155311d3a",
            "idle_timeout": null,
            "internal": false,
            "ip_address_type": "ipv4",
            "load_balancer_type": "network",
            "name": "local-test-mysql-nlb",
            "name_prefix": null,
            "security_groups": [],
            "subnet_mapping": [
              {
                "allocation_id": "",
                "subnet_id": "subnet-08265c1306cadf5f2"
              },
              {
                "allocation_id": "",
                "subnet_id": "subnet-0f929b8fbd4a86d64"
              }
            ],
            "subnets": [
              "subnet-08265c1306cadf5f2",
              "subnet-0f929b8fbd4a86d64"
            ],
            "tags": {
              "Name": "local-test-mysql-nlb"
            },
            "timeouts": null,
            "vpc_id": "vpc-0a3f9185b2c4191ac",
            "zone_id": "ZVDDRBQ08TROA"
          },
          "private": "eyJlMmJmYjczMC1lY2FhLTExZTYtOGY4OC0zNDM2M2JjN2M0YzAiOnsiY3JlYXRlIjo2MDAwMDAwMDAwMDAsImRlbGV0ZSI6NjAwMDAwMDAwMDAwLCJ1cGRhdGUiOjYwMDAwMDAwMDAwMH19"
        }
      ]
    },
    {
      "module": "module.mysql_infra",
      "mode": "managed",
      "type": "aws_lb_listener",
      "name": "grafana_listner",
      "provider": "provider.aws",
      "instances": [
        {
          "schema_version": 0,
          "attributes": {
            "arn": "arn:aws:elasticloadbalancing:ap-south-1:227606451249:listener/app/local-test-grafana-alb/79df55cfcd74d68b/858b4fa40a19d40c",
            "certificate_arn": null,
            "default_action": [
              {
                "authenticate_cognito": [],
                "authenticate_oidc": [],
                "fixed_response": [],
                "forward": [],
                "order": 1,
                "redirect": [],
                "target_group_arn": "arn:aws:elasticloadbalancing:ap-south-1:227606451249:targetgroup/local-test-grafana-tg/5dbea79a37fbb738",
                "type": "forward"
              }
            ],
            "id": "arn:aws:elasticloadbalancing:ap-south-1:227606451249:listener/app/local-test-grafana-alb/79df55cfcd74d68b/858b4fa40a19d40c",
            "load_balancer_arn": "arn:aws:elasticloadbalancing:ap-south-1:227606451249:loadbalancer/app/local-test-grafana-alb/79df55cfcd74d68b",
            "port": 3000,
            "protocol": "HTTP",
            "ssl_policy": "",
            "timeouts": null
          },
          "private": "eyJlMmJmYjczMC1lY2FhLTExZTYtOGY4OC0zNDM2M2JjN2M0YzAiOnsicmVhZCI6NjAwMDAwMDAwMDAwfX0=",
          "dependencies": [
            "module.mysql_infra.aws_lb.grafana_alb",
            "module.mysql_infra.aws_lb_target_group.grafana_tg",
            "module.mysql_infra.aws_security_group.module_sg"
          ]
        }
      ]
    },
    {
      "module": "module.mysql_infra",
      "mode": "managed",
      "type": "aws_lb_listener",
      "name": "mysql_listner",
      "provider": "provider.aws",
      "instances": [
        {
          "schema_version": 0,
          "attributes": {
            "arn": "arn:aws:elasticloadbalancing:ap-south-1:227606451249:listener/net/local-test-mysql-nlb/3e05a63155311d3a/bbcb95ebc96d6aa3",
            "certificate_arn": null,
            "default_action": [
              {
                "authenticate_cognito": [],
                "authenticate_oidc": [],
                "fixed_response": [],
                "forward": [],
                "order": 1,
                "redirect": [],
                "target_group_arn": "arn:aws:elasticloadbalancing:ap-south-1:227606451249:targetgroup/local-test-mysql-tg/37525ab3987ce3d7",
                "type": "forward"
              }
            ],
            "id": "arn:aws:elasticloadbalancing:ap-south-1:227606451249:listener/net/local-test-mysql-nlb/3e05a63155311d3a/bbcb95ebc96d6aa3",
            "load_balancer_arn": "arn:aws:elasticloadbalancing:ap-south-1:227606451249:loadbalancer/net/local-test-mysql-nlb/3e05a63155311d3a",
            "port": 3306,
            "protocol": "TCP",
            "ssl_policy": "",
            "timeouts": null
          },
          "private": "eyJlMmJmYjczMC1lY2FhLTExZTYtOGY4OC0zNDM2M2JjN2M0YzAiOnsicmVhZCI6NjAwMDAwMDAwMDAwfX0=",
          "dependencies": [
            "module.mysql_infra.aws_lb.mysql_nlb",
            "module.mysql_infra.aws_lb_target_group.mysql_tg"
          ]
        }
      ]
    },
    {
      "module": "module.mysql_infra",
      "mode": "managed",
      "type": "aws_lb_listener",
      "name": "prometheus_listner",
      "provider": "provider.aws",
      "instances": [
        {
          "schema_version": 0,
          "attributes": {
            "arn": "arn:aws:elasticloadbalancing:ap-south-1:227606451249:listener/app/local-test-grafana-alb/79df55cfcd74d68b/cbfaa4643f4677b4",
            "certificate_arn": null,
            "default_action": [
              {
                "authenticate_cognito": [],
                "authenticate_oidc": [],
                "fixed_response": [],
                "forward": [],
                "order": 1,
                "redirect": [],
                "target_group_arn": "arn:aws:elasticloadbalancing:ap-south-1:227606451249:targetgroup/local-test-prometheus-tg/e6c4bf7c6b457d5f",
                "type": "forward"
              }
            ],
            "id": "arn:aws:elasticloadbalancing:ap-south-1:227606451249:listener/app/local-test-grafana-alb/79df55cfcd74d68b/cbfaa4643f4677b4",
            "load_balancer_arn": "arn:aws:elasticloadbalancing:ap-south-1:227606451249:loadbalancer/app/local-test-grafana-alb/79df55cfcd74d68b",
            "port": 9090,
            "protocol": "HTTP",
            "ssl_policy": "",
            "timeouts": null
          },
          "private": "eyJlMmJmYjczMC1lY2FhLTExZTYtOGY4OC0zNDM2M2JjN2M0YzAiOnsicmVhZCI6NjAwMDAwMDAwMDAwfX0=",
          "dependencies": [
            "module.mysql_infra.aws_lb.grafana_alb",
            "module.mysql_infra.aws_lb_target_group.prometheus_tg",
            "module.mysql_infra.aws_security_group.module_sg"
          ]
        }
      ]
    },
    {
      "module": "module.mysql_infra",
      "mode": "managed",
      "type": "aws_lb_target_group",
      "name": "grafana_tg",
      "provider": "provider.aws",
      "instances": [
        {
          "schema_version": 0,
          "attributes": {
            "arn": "arn:aws:elasticloadbalancing:ap-south-1:227606451249:targetgroup/local-test-grafana-tg/5dbea79a37fbb738",
            "arn_suffix": "targetgroup/local-test-grafana-tg/5dbea79a37fbb738",
            "deregistration_delay": 60,
            "health_check": [
              {
                "enabled": true,
                "healthy_threshold": 2,
                "interval": 10,
                "matcher": "200",
                "path": "/",
                "port": "3000",
                "protocol": "HTTP",
                "timeout": 5,
                "unhealthy_threshold": 3
              }
            ],
            "id": "arn:aws:elasticloadbalancing:ap-south-1:227606451249:targetgroup/local-test-grafana-tg/5dbea79a37fbb738",
            "lambda_multi_value_headers_enabled": false,
            "load_balancing_algorithm_type": "round_robin",
            "name": "local-test-grafana-tg",
            "name_prefix": null,
            "port": 3000,
            "protocol": "HTTP",
            "proxy_protocol_v2": false,
            "slow_start": 0,
            "stickiness": [
              {
                "cookie_duration": 86400,
                "enabled": false,
                "type": "lb_cookie"
              }
            ],
            "tags": null,
            "target_type": "instance",
            "vpc_id": "vpc-0a3f9185b2c4191ac"
          },
          "private": "bnVsbA=="
        }
      ]
    },
    {
      "module": "module.mysql_infra",
      "mode": "managed",
      "type": "aws_lb_target_group",
      "name": "mysql_tg",
      "provider": "provider.aws",
      "instances": [
        {
          "schema_version": 0,
          "attributes": {
            "arn": "arn:aws:elasticloadbalancing:ap-south-1:227606451249:targetgroup/local-test-mysql-tg/37525ab3987ce3d7",
            "arn_suffix": "targetgroup/local-test-mysql-tg/37525ab3987ce3d7",
            "deregistration_delay": 300,
            "health_check": [
              {
                "enabled": true,
                "healthy_threshold": 3,
                "interval": 30,
                "matcher": "",
                "path": "",
                "port": "traffic-port",
                "protocol": "TCP",
                "timeout": 10,
                "unhealthy_threshold": 3
              }
            ],
            "id": "arn:aws:elasticloadbalancing:ap-south-1:227606451249:targetgroup/local-test-mysql-tg/37525ab3987ce3d7",
            "lambda_multi_value_headers_enabled": false,
            "load_balancing_algorithm_type": null,
            "name": "local-test-mysql-tg",
            "name_prefix": null,
            "port": 3306,
            "protocol": "TCP",
            "proxy_protocol_v2": false,
            "slow_start": 0,
            "stickiness": [],
            "tags": {},
            "target_type": "instance",
            "vpc_id": "vpc-0a3f9185b2c4191ac"
          },
          "private": "bnVsbA=="
        }
      ]
    },
    {
      "module": "module.mysql_infra",
      "mode": "managed",
      "type": "aws_lb_target_group",
      "name": "prometheus_tg",
      "provider": "provider.aws",
      "instances": [
        {
          "schema_version": 0,
          "attributes": {
            "arn": "arn:aws:elasticloadbalancing:ap-south-1:227606451249:targetgroup/local-test-prometheus-tg/e6c4bf7c6b457d5f",
            "arn_suffix": "targetgroup/local-test-prometheus-tg/e6c4bf7c6b457d5f",
            "deregistration_delay": 60,
            "health_check": [
              {
                "enabled": true,
                "healthy_threshold": 2,
                "interval": 10,
                "matcher": "200",
                "path": "/",
                "port": "9090",
                "protocol": "HTTP",
                "timeout": 5,
                "unhealthy_threshold": 3
              }
            ],
            "id": "arn:aws:elasticloadbalancing:ap-south-1:227606451249:targetgroup/local-test-prometheus-tg/e6c4bf7c6b457d5f",
            "lambda_multi_value_headers_enabled": false,
            "load_balancing_algorithm_type": "round_robin",
            "name": "local-test-prometheus-tg",
            "name_prefix": null,
            "port": 9090,
            "protocol": "HTTP",
            "proxy_protocol_v2": false,
            "slow_start": 0,
            "stickiness": [
              {
                "cookie_duration": 86400,
                "enabled": false,
                "type": "lb_cookie"
              }
            ],
            "tags": {},
            "target_type": "instance",
            "vpc_id": "vpc-0a3f9185b2c4191ac"
          },
          "private": "bnVsbA=="
        }
      ]
    },
    {
      "module": "module.mysql_infra",
      "mode": "managed",
      "type": "aws_security_group",
      "name": "module_sg",
      "each": "list",
      "provider": "provider.aws",
      "instances": [
        {
          "index_key": 0,
          "schema_version": 1,
          "attributes": {
            "arn": "arn:aws:ec2:ap-south-1:227606451249:security-group/sg-0108d4a60ee538a0b",
            "description": "Default security group created by terraform",
            "egress": [
              {
                "cidr_blocks": [
                  "0.0.0.0/0"
                ],
                "description": "Allow all",
                "from_port": 0,
                "ipv6_cidr_blocks": [],
                "prefix_list_ids": [],
                "protocol": "-1",
                "security_groups": [],
                "self": false,
                "to_port": 0
              }
            ],
            "id": "sg-0108d4a60ee538a0b",
            "ingress": [
              {
                "cidr_blocks": [
                  "0.0.0.0/0"
                ],
                "description": "Grafana",
                "from_port": 3000,
                "ipv6_cidr_blocks": [],
                "prefix_list_ids": [],
                "protocol": "tcp",
                "security_groups": [],
                "self": false,
                "to_port": 3000
              },
              {
                "cidr_blocks": [
                  "0.0.0.0/0"
                ],
                "description": "Prometheus",
                "from_port": 9090,
                "ipv6_cidr_blocks": [],
                "prefix_list_ids": [],
                "protocol": "tcp",
                "security_groups": [],
                "self": false,
                "to_port": 9090
              },
              {
                "cidr_blocks": [
                  "0.0.0.0/0"
                ],
                "description": "Prometheus",
                "from_port": 9104,
                "ipv6_cidr_blocks": [],
                "prefix_list_ids": [],
                "protocol": "tcp",
                "security_groups": [],
                "self": false,
                "to_port": 9104
              },
              {
                "cidr_blocks": [
                  "0.0.0.0/0"
                ],
                "description": "SSH",
                "from_port": 22,
                "ipv6_cidr_blocks": [],
                "prefix_list_ids": [],
                "protocol": "tcp",
                "security_groups": [],
                "self": false,
                "to_port": 22
              }
            ],
            "name": "local-test-prometheus-sg",
            "name_prefix": null,
            "owner_id": "227606451249",
            "revoke_rules_on_delete": false,
            "tags": {
              "Name": "local-test-prometheus-sg"
            },
            "timeouts": null,
            "vpc_id": "vpc-0a3f9185b2c4191ac"
          },
          "private": "eyJlMmJmYjczMC1lY2FhLTExZTYtOGY4OC0zNDM2M2JjN2M0YzAiOnsiY3JlYXRlIjo2MDAwMDAwMDAwMDAsImRlbGV0ZSI6NjAwMDAwMDAwMDAwfSwic2NoZW1hX3ZlcnNpb24iOiIxIn0="
        }
      ]
    }
  ]
}
